
Microsoft Visual Studio Solution File, Format Version 12.00
# Visual Studio Version 16
VisualStudioVersion = 16.0.31019.35
MinimumVisualStudioVersion = 10.0.40219.1
Project("{FAE04EC0-301F-11D3-BF4B-00C04F79EFBC}") = "APIGateway", "APIGateway\APIGateway.csproj", "{F1B02F0F-9614-494D-92E1-957519E7783B}"
EndProject
Project("{2150E333-8FDC-42A3-9474-1A3956D46DE8}") = "Services", "Services", "{16D1B440-EEAD-4AFE-9A39-F72CFFBC482C}"
EndProject
Project("{FAE04EC0-301F-11D3-BF4B-00C04F79EFBC}") = "Contact.API", "Services\ContactAPI\Contact.API\Contact.API.csproj", "{765DFD08-AE04-4F24-838D-2B877F5BAAC4}"
EndProject
Project("{FAE04EC0-301F-11D3-BF4B-00C04F79EFBC}") = "Reservation.API", "Services\ResAPI\Reservation.API\Reservation.API.csproj", "{656DB2AC-1A08-45FC-B7E7-E8BEA49E6629}"
EndProject
Project("{2150E333-8FDC-42A3-9474-1A3956D46DE8}") = "ContactAPI", "ContactAPI", "{9025C382-EF5E-44AC-91AE-F041029F778E}"
EndProject
Project("{2150E333-8FDC-42A3-9474-1A3956D46DE8}") = "ReservationAPI", "ReservationAPI", "{C51C58A9-585F-4209-A473-7C5C11A01549}"
EndProject
Project("{FAE04EC0-301F-11D3-BF4B-00C04F79EFBC}") = "Contact.API.Infrastructure", "Services\ContactAPI\Contact.API.Infrastructure\Contact.API.Infrastructure.csproj", "{FFE96100-A806-45A0-8C43-1CDC6EFFB0ED}"
EndProject
Project("{FAE04EC0-301F-11D3-BF4B-00C04F79EFBC}") = "Contact.API.Models", "Services\ContactAPI\Contact.API.Models\Contact.API.Models.csproj", "{F0CF7C8A-99D3-494F-AD60-AE73C0828079}"
EndProject
Project("{FAE04EC0-301F-11D3-BF4B-00C04F79EFBC}") = "Contact.API.Services", "Services\ContactAPI\Contact.API.Services\Contact.API.Services.csproj", "{7133C2A2-616E-42E2-AFAB-81A7B6822842}"
EndProject
Project("{FAE04EC0-301F-11D3-BF4B-00C04F79EFBC}") = "Reservation.API.Infrastructure", "Services\ResAPI\Reservation.API.Infrastructure\Reservation.API.Infrastructure.csproj", "{3DAB3BA7-78B0-48C7-A741-0BFA792392F3}"
EndProject
Project("{FAE04EC0-301F-11D3-BF4B-00C04F79EFBC}") = "Reservation.API.Services", "Services\ResAPI\Reservation.API.Services\Reservation.API.Services.csproj", "{968803A2-9237-4ACD-857F-62295CF00496}"
EndProject
Project("{FAE04EC0-301F-11D3-BF4B-00C04F79EFBC}") = "Reservation.API.Models", "Services\ResAPI\Reservation.API.Models\Reservation.API.Models.csproj", "{7E65545E-8E0F-499D-B148-6BDC19E02C82}"
EndProject
Global
	GlobalSection(SolutionConfigurationPlatforms) = preSolution
		Debug|Any CPU = Debug|Any CPU
		Release|Any CPU = Release|Any CPU
	EndGlobalSection
	GlobalSection(ProjectConfigurationPlatforms) = postSolution
		{F1B02F0F-9614-494D-92E1-957519E7783B}.Debug|Any CPU.ActiveCfg = Debug|Any CPU
		{F1B02F0F-9614-494D-92E1-957519E7783B}.Debug|Any CPU.Build.0 = Debug|Any CPU
		{F1B02F0F-9614-494D-92E1-957519E7783B}.Release|Any CPU.ActiveCfg = Release|Any CPU
		{F1B02F0F-9614-494D-92E1-957519E7783B}.Release|Any CPU.Build.0 = Release|Any CPU
		{765DFD08-AE04-4F24-838D-2B877F5BAAC4}.Debug|Any CPU.ActiveCfg = Debug|Any CPU
		{765DFD08-AE04-4F24-838D-2B877F5BAAC4}.Debug|Any CPU.Build.0 = Debug|Any CPU
		{765DFD08-AE04-4F24-838D-2B877F5BAAC4}.Release|Any CPU.ActiveCfg = Release|Any CPU
		{765DFD08-AE04-4F24-838D-2B877F5BAAC4}.Release|Any CPU.Build.0 = Release|Any CPU
		{656DB2AC-1A08-45FC-B7E7-E8BEA49E6629}.Debug|Any CPU.ActiveCfg = Debug|Any CPU
		{656DB2AC-1A08-45FC-B7E7-E8BEA49E6629}.Debug|Any CPU.Build.0 = Debug|Any CPU
		{656DB2AC-1A08-45FC-B7E7-E8BEA49E6629}.Release|Any CPU.ActiveCfg = Release|Any CPU
		{656DB2AC-1A08-45FC-B7E7-E8BEA49E6629}.Release|Any CPU.Build.0 = Release|Any CPU
		{FFE96100-A806-45A0-8C43-1CDC6EFFB0ED}.Debug|Any CPU.ActiveCfg = Debug|Any CPU
		{FFE96100-A806-45A0-8C43-1CDC6EFFB0ED}.Debug|Any CPU.Build.0 = Debug|Any CPU
		{FFE96100-A806-45A0-8C43-1CDC6EFFB0ED}.Release|Any CPU.ActiveCfg = Release|Any CPU
		{FFE96100-A806-45A0-8C43-1CDC6EFFB0ED}.Release|Any CPU.Build.0 = Release|Any CPU
		{F0CF7C8A-99D3-494F-AD60-AE73C0828079}.Debug|Any CPU.ActiveCfg = Debug|Any CPU
		{F0CF7C8A-99D3-494F-AD60-AE73C0828079}.Debug|Any CPU.Build.0 = Debug|Any CPU
		{F0CF7C8A-99D3-494F-AD60-AE73C0828079}.Release|Any CPU.ActiveCfg = Release|Any CPU
		{F0CF7C8A-99D3-494F-AD60-AE73C0828079}.Release|Any CPU.Build.0 = Release|Any CPU
		{7133C2A2-616E-42E2-AFAB-81A7B6822842}.Debug|Any CPU.ActiveCfg = Debug|Any CPU
		{7133C2A2-616E-42E2-AFAB-81A7B6822842}.Debug|Any CPU.Build.0 = Debug|Any CPU
		{7133C2A2-616E-42E2-AFAB-81A7B6822842}.Release|Any CPU.ActiveCfg = Release|Any CPU
		{7133C2A2-616E-42E2-AFAB-81A7B6822842}.Release|Any CPU.Build.0 = Release|Any CPU
		{3DAB3BA7-78B0-48C7-A741-0BFA792392F3}.Debug|Any CPU.ActiveCfg = Debug|Any CPU
		{3DAB3BA7-78B0-48C7-A741-0BFA792392F3}.Debug|Any CPU.Build.0 = Debug|Any CPU
		{3DAB3BA7-78B0-48C7-A741-0BFA792392F3}.Release|Any CPU.ActiveCfg = Release|Any CPU
		{3DAB3BA7-78B0-48C7-A741-0BFA792392F3}.Release|Any CPU.Build.0 = Release|Any CPU
		{968803A2-9237-4ACD-857F-62295CF00496}.Debug|Any CPU.ActiveCfg = Debug|Any CPU
		{968803A2-9237-4ACD-857F-62295CF00496}.Debug|Any CPU.Build.0 = Debug|Any CPU
		{968803A2-9237-4ACD-857F-62295CF00496}.Release|Any CPU.ActiveCfg = Release|Any CPU
		{968803A2-9237-4ACD-857F-62295CF00496}.Release|Any CPU.Build.0 = Release|Any CPU
		{7E65545E-8E0F-499D-B148-6BDC19E02C82}.Debug|Any CPU.ActiveCfg = Debug|Any CPU
		{7E65545E-8E0F-499D-B148-6BDC19E02C82}.Debug|Any CPU.Build.0 = Debug|Any CPU
		{7E65545E-8E0F-499D-B148-6BDC19E02C82}.Release|Any CPU.ActiveCfg = Release|Any CPU
		{7E65545E-8E0F-499D-B148-6BDC19E02C82}.Release|Any CPU.Build.0 = Release|Any CPU
	EndGlobalSection
	GlobalSection(SolutionProperties) = preSolution
		HideSolutionNode = FALSE
	EndGlobalSection
	GlobalSection(NestedProjects) = preSolution
		{765DFD08-AE04-4F24-838D-2B877F5BAAC4} = {9025C382-EF5E-44AC-91AE-F041029F778E}
		{656DB2AC-1A08-45FC-B7E7-E8BEA49E6629} = {C51C58A9-585F-4209-A473-7C5C11A01549}
		{9025C382-EF5E-44AC-91AE-F041029F778E} = {16D1B440-EEAD-4AFE-9A39-F72CFFBC482C}
		{C51C58A9-585F-4209-A473-7C5C11A01549} = {16D1B440-EEAD-4AFE-9A39-F72CFFBC482C}
		{FFE96100-A806-45A0-8C43-1CDC6EFFB0ED} = {9025C382-EF5E-44AC-91AE-F041029F778E}
		{F0CF7C8A-99D3-494F-AD60-AE73C0828079} = {9025C382-EF5E-44AC-91AE-F041029F778E}
		{7133C2A2-616E-42E2-AFAB-81A7B6822842} = {9025C382-EF5E-44AC-91AE-F041029F778E}
		{3DAB3BA7-78B0-48C7-A741-0BFA792392F3} = {C51C58A9-585F-4209-A473-7C5C11A01549}
		{968803A2-9237-4ACD-857F-62295CF00496} = {C51C58A9-585F-4209-A473-7C5C11A01549}
		{7E65545E-8E0F-499D-B148-6BDC19E02C82} = {C51C58A9-585F-4209-A473-7C5C11A01549}
	EndGlobalSection
	GlobalSection(ExtensibilityGlobals) = postSolution
		SolutionGuid = {5E55BF76-0537-421E-BEBA-58CD27CAE66F}
	EndGlobalSection
EndGlobal
